<?xml version="1.0" encoding="UTF-8" standalone="yes" ?>
<CodeBlocks_project_file>
	<FileVersion major="1" minor="6" />
	<Project>
		<Option title="PixelMan" />
		<Option pch_mode="2" />
		<Option compiler="gcc" />
		<Build>
			<Target title="Debug">
				<Option output="bin/Debug/PixelMan" prefix_auto="1" extension_auto="1" />
				<Option object_output="obj/Debug/" />
				<Option type="0" />
				<Option compiler="gcc" />
				<Option projectCompilerOptionsRelation="2" />
				<Option projectLinkerOptionsRelation="2" />
				<Compiler>
					<Add option="-g" />
				</Compiler>
				<Linker>
					<Add library="sfml-graphics-d" />
					<Add library="sfml-window-d" />
					<Add library="sfml-audio-d" />
					<Add library="sfml-system-d" />
					<Add library="sfml-main-d" />
				</Linker>
			</Target>
			<Target title="Release">
				<Option output="bin/Release/PixelMan" prefix_auto="1" extension_auto="1" />
				<Option object_output="obj/Release/" />
				<Option type="0" />
				<Option compiler="gcc" />
				<Option projectLinkerOptionsRelation="2" />
				<Compiler>
					<Add option="-O2" />
					<Add option="-DSFML_STATIC" />
				</Compiler>
				<Linker>
					<Add option="-s" />
					<Add library="sfml-graphics-s" />
					<Add library="sfml-window-s" />
					<Add library="sfml-audio-s" />
					<Add library="sfml-system-s" />
					<Add library="sfml-main" />
				</Linker>
			</Target>
		</Build>
		<Compiler>
			<Add option="-Wall" />
			<Add option="-DSMFML_STATIC" />
			<Add directory="../../../../../../Program Files (x86)/CodeBlocks/SFML-2.5.1/include" />
		</Compiler>
		<Linker>
			<Add library="vorbisenc" />
			<Add library="vorbisfile" />
			<Add library="vorbis" />
			<Add library="flac" />
			<Add library="ogg" />
			<Add library="openal32" />
			<Add library="freetype" />
			<Add library="opengl32" />
			<Add library="gdi32" />
			<Add library="winmm" />
			<Add directory="../../../../../../Program Files (x86)/CodeBlocks/SFML-2.5.1/lib" />
		</Linker>
		<Unit filename="pixelman.cpp" />
		<Extensions>
			<code_completion />
			<envvars />
			<debugger />
		</Extensions>
	</Project>
</CodeBlocks_project_file>
